counts/gene_counts.txt
fastqc_results/multiqc_report.html
alignments/SRR23426209.sorted.bam.bai
alignments/SRR23426208.sorted.bam.bai
alignments/SRR23426209.sorted.bam
alignments/SRR23426208.sorted.bam
reference/GCF_000484505.2_ASM48450v2_genomic.gtf
alignments/SRR23426209.unsorted.bam
reference/hisat2_index/genome.1.ht2
reference/hisat2_index/genome.2.ht2
reference/hisat2_index/genome.3.ht2
reference/hisat2_index/genome.4.ht2
reference/hisat2_index/genome.5.ht2
reference/hisat2_index/genome.6.ht2
reference/hisat2_index/genome.7.ht2
reference/hisat2_index/genome.8.ht2
trimmed_data/SRR23426209_1.trimmed.fastq.gz
trimmed_data/SRR23426209_2.trimmed.fastq.gz
reference/GCF_000484505.2_ASM48450v2_genomic.fna
raw_data/SRR23426209_1.fastq.gz
raw_data/SRR23426209_2.fastq.gz
raw_data/fastq/SRR23426209_1.fastq
raw_data/sra/SRR23426209
raw_data/fastq/SRR23426209_2.fastq
alignments/SRR23426208.unsorted.bam
reference/hisat2_index/genome.1.ht2
reference/hisat2_index/genome.2.ht2
reference/hisat2_index/genome.3.ht2
reference/hisat2_index/genome.4.ht2
reference/hisat2_index/genome.5.ht2
reference/hisat2_index/genome.6.ht2
reference/hisat2_index/genome.7.ht2
reference/hisat2_index/genome.8.ht2
trimmed_data/SRR23426208_1.trimmed.fastq.gz
trimmed_data/SRR23426208_2.trimmed.fastq.gz
raw_data/SRR23426208_1.fastq.gz
raw_data/SRR23426208_2.fastq.gz
raw_data/fastq/SRR23426208_1.fastq
raw_data/sra/SRR23426208
raw_data/fastq/SRR23426208_2.fastq
fastqc_results/SRR23426209_1_fastqc.zip
fastqc_results/SRR23426209_2_fastqc.zip
fastqc_results/SRR23426208_1_fastqc.zip
fastqc_results/SRR23426208_2_fastqc.zip
raw_data/SRR23426209_1.fastq.gz
raw_data/SRR23426209_2.fastq.gz
raw_data/SRR23426208_1.fastq.gz
raw_data/SRR23426208_2.fastq.gz
alignments/SRR23426209.sorted.bam
alignments/SRR23426208.sorted.bam
