alignments/SRR23426208.unsorted.bam
reference/hisat2_index/genome.1.ht2
reference/hisat2_index/genome.2.ht2
reference/hisat2_index/genome.3.ht2
reference/hisat2_index/genome.4.ht2
reference/hisat2_index/genome.5.ht2
reference/hisat2_index/genome.6.ht2
reference/hisat2_index/genome.7.ht2
reference/hisat2_index/genome.8.ht2
fastqc_results/SRR23426209_2_fastqc.html
fastqc_results/SRR23426209_2_fastqc.zip
trimmed_data/SRR23426208_1.trimmed.fastq.gz
trimmed_data/SRR23426208_2.trimmed.fastq.gz
trimmed_data/SRR23426208.html
trimmed_data/SRR23426208.json
trimmed_data/SRR23426209_1.trimmed.fastq.gz
trimmed_data/SRR23426209_2.trimmed.fastq.gz
trimmed_data/SRR23426209.html
trimmed_data/SRR23426209.json
fastqc_results/SRR23426208_1_fastqc.html
fastqc_results/SRR23426208_1_fastqc.zip
raw_data/SRR23426208_1.fastq.gz
raw_data/SRR23426209_1.fastq.gz
fastqc_results/SRR23426208_2_fastqc.html
fastqc_results/SRR23426208_2_fastqc.zip
raw_data/fastq/SRR23426208_1.fastq
raw_data/fastq/SRR23426208_2.fastq
raw_data/fastq/SRR23426209_1.fastq
raw_data/fastq/SRR23426209_2.fastq
alignments/SRR23426209.sorted.bam.bai
raw_data/sra/SRR23426208
raw_data/sra/SRR23426209
alignments/SRR23426208.sorted.bam.bai
alignments/SRR23426209.sorted.bam
raw_data/SRR23426208_2.fastq.gz
raw_data/SRR23426209_2.fastq.gz
counts/gene_counts.txt
counts/gene_counts.txt.summary
fastqc_results/multiqc_report.html
alignments/SRR23426208.sorted.bam
alignments/SRR23426209.unsorted.bam
fastqc_results/SRR23426209_1_fastqc.html
fastqc_results/SRR23426209_1_fastqc.zip
